
Microsoft Visual Studio Solution File, Format Version 12.00
# Visual Studio 14
VisualStudioVersion = 14.0.25123.0
MinimumVisualStudioVersion = 10.0.40219.1
Project("{FAE04EC0-301F-11D3-BF4B-00C04F79EFBC}") = "BookWorm", "BookWorm\BookWorm.csproj", "{C8DB74EB-4660-4EEA-8EFA-135B8BDB78F3}"
EndProject
Project("{FAE04EC0-301F-11D3-BF4B-00C04F79EFBC}") = "BookWorm.Data", "BookWorm.Data\BookWorm.Data.csproj", "{01CD80AB-591C-48A6-A7D4-8A6887510C2D}"
EndProject
Project("{FAE04EC0-301F-11D3-BF4B-00C04F79EFBC}") = "BookWorm.Models", "BookWorm.Models\BookWorm.Models.csproj", "{641879EA-5856-42E8-A55D-21EBA2D710E4}"
EndProject
Global
	GlobalSection(SolutionConfigurationPlatforms) = preSolution
		Debug|Any CPU = Debug|Any CPU
		Release|Any CPU = Release|Any CPU
	EndGlobalSection
	GlobalSection(ProjectConfigurationPlatforms) = postSolution
		{C8DB74EB-4660-4EEA-8EFA-135B8BDB78F3}.Debug|Any CPU.ActiveCfg = Debug|Any CPU
		{C8DB74EB-4660-4EEA-8EFA-135B8BDB78F3}.Debug|Any CPU.Build.0 = Debug|Any CPU
		{C8DB74EB-4660-4EEA-8EFA-135B8BDB78F3}.Release|Any CPU.ActiveCfg = Release|Any CPU
		{C8DB74EB-4660-4EEA-8EFA-135B8BDB78F3}.Release|Any CPU.Build.0 = Release|Any CPU
		{01CD80AB-591C-48A6-A7D4-8A6887510C2D}.Debug|Any CPU.ActiveCfg = Debug|Any CPU
		{01CD80AB-591C-48A6-A7D4-8A6887510C2D}.Debug|Any CPU.Build.0 = Debug|Any CPU
		{01CD80AB-591C-48A6-A7D4-8A6887510C2D}.Release|Any CPU.ActiveCfg = Release|Any CPU
		{01CD80AB-591C-48A6-A7D4-8A6887510C2D}.Release|Any CPU.Build.0 = Release|Any CPU
		{641879EA-5856-42E8-A55D-21EBA2D710E4}.Debug|Any CPU.ActiveCfg = Debug|Any CPU
		{641879EA-5856-42E8-A55D-21EBA2D710E4}.Debug|Any CPU.Build.0 = Debug|Any CPU
		{641879EA-5856-42E8-A55D-21EBA2D710E4}.Release|Any CPU.ActiveCfg = Release|Any CPU
		{641879EA-5856-42E8-A55D-21EBA2D710E4}.Release|Any CPU.Build.0 = Release|Any CPU
	EndGlobalSection
	GlobalSection(SolutionProperties) = preSolution
		HideSolutionNode = FALSE
	EndGlobalSection
EndGlobal
